
Microsoft Visual Studio Solution File, Format Version 12.00
# Visual Studio Version 16
VisualStudioVersion = 16.0.34407.143
MinimumVisualStudioVersion = 10.0.40219.1
Project("{FAE04EC0-301F-11D3-BF4B-00C04F79EFBC}") = "Lab7", "Lab7\Lab7.csproj", "{3C2EAF90-6BC1-458E-95B1-B5C4A3E0AC37}"
EndProject
Global
	GlobalSection(SolutionConfigurationPlatforms) = preSolution
		Debug|Any CPU = Debug|Any CPU
		Release|Any CPU = Release|Any CPU
	EndGlobalSection
	GlobalSection(ProjectConfigurationPlatforms) = postSolution
		{3C2EAF90-6BC1-458E-95B1-B5C4A3E0AC37}.Debug|Any CPU.ActiveCfg = Debug|Any CPU
		{3C2EAF90-6BC1-458E-95B1-B5C4A3E0AC37}.Debug|Any CPU.Build.0 = Debug|Any CPU
		{3C2EAF90-6BC1-458E-95B1-B5C4A3E0AC37}.Release|Any CPU.ActiveCfg = Release|Any CPU
		{3C2EAF90-6BC1-458E-95B1-B5C4A3E0AC37}.Release|Any CPU.Build.0 = Release|Any CPU
	EndGlobalSection
	GlobalSection(SolutionProperties) = preSolution
		HideSolutionNode = FALSE
	EndGlobalSection
	GlobalSection(ExtensibilityGlobals) = postSolution
		SolutionGuid = {ADE8F420-DDD2-4786-992E-CBD2597A9561}
	EndGlobalSection
EndGlobal
